# This file is autogenerated, do not edit; changes may be undone by the next 'dep ensure'.


[[projects]]
  name = "github.com/go-redis/redis"
  packages = [
    ".",
    "internal",
    "internal/consistenthash",
    "internal/hashtag",
    "internal/pool",
    "internal/proto",
    "internal/singleflight",
    "internal/util"
  ]
  revision = "877867d2845fbaf86798befe410b6ceb6f5c29a3"
  version = "v6.10.2"

[[projects]]
  name = "github.com/kawasin73/hcron"
  packages = ["."]
  revision = "1f8b42143a0d9c5eff68eab52c8972d95376a816"
  version = "v0.1"

[[projects]]
  name = "github.com/line/line-bot-sdk-go"
  packages = ["linebot"]
  revision = "3a7d66f5efce6ac202f650134609f9d6d163a640"
  version = "1.0.0"

[[projects]]
  name = "github.com/pkg/errors"
  packages = ["."]
  revision = "645ef00459ed84a119197bfb8d8205042c6df63d"
  version = "v0.8.0"

[[projects]]
  branch = "master"
  name = "golang.org/x/net"
  packages = [
    "context",
    "context/ctxhttp"
  ]
  revision = "5f9ae10d9af5b1c89ae6904293b14b064d4ada23"

[solve-meta]
  analyzer-name = "dep"
  analyzer-version = 1
  inputs-digest = "8f02b7fc08731b77e32c433085413cad4d4994683acaa768e929587b87e2d955"
  solver-name = "gps-cdcl"
  solver-version = 1
